
Microsoft Visual Studio Solution File, Format Version 12.00
# Visual Studio Version 17
VisualStudioVersion = 17.6.33815.320
MinimumVisualStudioVersion = 10.0.40219.1
Project("{9A19103F-16F7-4668-BE54-9A1E7A4F7556}") = "TrainTicketMachine.Api", "TrainTicketMachine.Api.csproj", "{F5CFE0B3-5B62-4AA0-AF00-B28D0B60BF8C}"
EndProject
Project("{9A19103F-16F7-4668-BE54-9A1E7A4F7556}") = "TrainTicketMachine.Domain", "..\TrainTicketMachine.Domain\TrainTicketMachine.Domain.csproj", "{43FC38EF-ABC5-4F78-A4B1-F0600C4A68B5}"
EndProject
Project("{9A19103F-16F7-4668-BE54-9A1E7A4F7556}") = "TrainTicketMachine.Infrastructure", "..\TrainTicketMachine.Infrastructure\TrainTicketMachine.Infrastructure.csproj", "{C413D274-014C-4B5F-9D7D-2C3F97F85A9D}"
EndProject
Project("{FAE04EC0-301F-11D3-BF4B-00C04F79EFBC}") = "TrainTicketMachine.Infrastructure.Tests", "..\..\tests\TrainTicketMachine.Infrastructure.Tests\TrainTicketMachine.Infrastructure.Tests.csproj", "{A33B4C71-9BF2-4190-85D8-F72F7F3A0196}"
EndProject
Global
	GlobalSection(SolutionConfigurationPlatforms) = preSolution
		Debug|Any CPU = Debug|Any CPU
		Release|Any CPU = Release|Any CPU
	EndGlobalSection
	GlobalSection(ProjectConfigurationPlatforms) = postSolution
		{F5CFE0B3-5B62-4AA0-AF00-B28D0B60BF8C}.Debug|Any CPU.ActiveCfg = Debug|Any CPU
		{F5CFE0B3-5B62-4AA0-AF00-B28D0B60BF8C}.Debug|Any CPU.Build.0 = Debug|Any CPU
		{F5CFE0B3-5B62-4AA0-AF00-B28D0B60BF8C}.Release|Any CPU.ActiveCfg = Release|Any CPU
		{F5CFE0B3-5B62-4AA0-AF00-B28D0B60BF8C}.Release|Any CPU.Build.0 = Release|Any CPU
		{43FC38EF-ABC5-4F78-A4B1-F0600C4A68B5}.Debug|Any CPU.ActiveCfg = Debug|Any CPU
		{43FC38EF-ABC5-4F78-A4B1-F0600C4A68B5}.Debug|Any CPU.Build.0 = Debug|Any CPU
		{43FC38EF-ABC5-4F78-A4B1-F0600C4A68B5}.Release|Any CPU.ActiveCfg = Release|Any CPU
		{43FC38EF-ABC5-4F78-A4B1-F0600C4A68B5}.Release|Any CPU.Build.0 = Release|Any CPU
		{C413D274-014C-4B5F-9D7D-2C3F97F85A9D}.Debug|Any CPU.ActiveCfg = Debug|Any CPU
		{C413D274-014C-4B5F-9D7D-2C3F97F85A9D}.Debug|Any CPU.Build.0 = Debug|Any CPU
		{C413D274-014C-4B5F-9D7D-2C3F97F85A9D}.Release|Any CPU.ActiveCfg = Release|Any CPU
		{C413D274-014C-4B5F-9D7D-2C3F97F85A9D}.Release|Any CPU.Build.0 = Release|Any CPU
		{A33B4C71-9BF2-4190-85D8-F72F7F3A0196}.Debug|Any CPU.ActiveCfg = Debug|Any CPU
		{A33B4C71-9BF2-4190-85D8-F72F7F3A0196}.Debug|Any CPU.Build.0 = Debug|Any CPU
		{A33B4C71-9BF2-4190-85D8-F72F7F3A0196}.Release|Any CPU.ActiveCfg = Release|Any CPU
		{A33B4C71-9BF2-4190-85D8-F72F7F3A0196}.Release|Any CPU.Build.0 = Release|Any CPU
	EndGlobalSection
	GlobalSection(SolutionProperties) = preSolution
		HideSolutionNode = FALSE
	EndGlobalSection
	GlobalSection(ExtensibilityGlobals) = postSolution
		SolutionGuid = {5F5C5CE2-EEBE-4A16-80C1-2D2129671C81}
	EndGlobalSection
EndGlobal
